
Microsoft Visual Studio Solution File, Format Version 12.00
# Visual Studio Version 17
VisualStudioVersion = 17.5.002.0
MinimumVisualStudioVersion = 10.0.40219.1
Project("{9A19103F-16F7-4668-BE54-9A1E7A4F7556}") = "Mini-Max Sum", "Mini-Max Sum\Mini-Max Sum.csproj", "{E9DCF24C-8830-4264-BC05-97B4D21F6B9A}"
EndProject
Project("{FAE04EC0-301F-11D3-BF4B-00C04F79EFBC}") = "Time-Conversion", "Time-Conversion\Time-Conversion.csproj", "{455BB0BE-80D5-44A0-B70D-C1BA505EF6E3}"
EndProject
Project("{FAE04EC0-301F-11D3-BF4B-00C04F79EFBC}") = "Sparse_Arrays", "Sparse_Arrays\Sparse_Arrays.csproj", "{1A73D7E0-E0F1-4447-A9AB-24A054C23F84}"
EndProject
Project("{FAE04EC0-301F-11D3-BF4B-00C04F79EFBC}") = "Lonely_Integer", "Lonely_Integer\Lonely_Integer.csproj", "{27D16036-F396-4AE3-BD46-CFDD17F5EF3D}"
EndProject
Global
	GlobalSection(SolutionConfigurationPlatforms) = preSolution
		Debug|Any CPU = Debug|Any CPU
		Release|Any CPU = Release|Any CPU
	EndGlobalSection
	GlobalSection(ProjectConfigurationPlatforms) = postSolution
		{E9DCF24C-8830-4264-BC05-97B4D21F6B9A}.Debug|Any CPU.ActiveCfg = Debug|Any CPU
		{E9DCF24C-8830-4264-BC05-97B4D21F6B9A}.Debug|Any CPU.Build.0 = Debug|Any CPU
		{E9DCF24C-8830-4264-BC05-97B4D21F6B9A}.Release|Any CPU.ActiveCfg = Release|Any CPU
		{E9DCF24C-8830-4264-BC05-97B4D21F6B9A}.Release|Any CPU.Build.0 = Release|Any CPU
		{455BB0BE-80D5-44A0-B70D-C1BA505EF6E3}.Debug|Any CPU.ActiveCfg = Debug|Any CPU
		{455BB0BE-80D5-44A0-B70D-C1BA505EF6E3}.Debug|Any CPU.Build.0 = Debug|Any CPU
		{455BB0BE-80D5-44A0-B70D-C1BA505EF6E3}.Release|Any CPU.ActiveCfg = Release|Any CPU
		{455BB0BE-80D5-44A0-B70D-C1BA505EF6E3}.Release|Any CPU.Build.0 = Release|Any CPU
		{1A73D7E0-E0F1-4447-A9AB-24A054C23F84}.Debug|Any CPU.ActiveCfg = Debug|Any CPU
		{1A73D7E0-E0F1-4447-A9AB-24A054C23F84}.Debug|Any CPU.Build.0 = Debug|Any CPU
		{1A73D7E0-E0F1-4447-A9AB-24A054C23F84}.Release|Any CPU.ActiveCfg = Release|Any CPU
		{1A73D7E0-E0F1-4447-A9AB-24A054C23F84}.Release|Any CPU.Build.0 = Release|Any CPU
		{27D16036-F396-4AE3-BD46-CFDD17F5EF3D}.Debug|Any CPU.ActiveCfg = Debug|Any CPU
		{27D16036-F396-4AE3-BD46-CFDD17F5EF3D}.Debug|Any CPU.Build.0 = Debug|Any CPU
		{27D16036-F396-4AE3-BD46-CFDD17F5EF3D}.Release|Any CPU.ActiveCfg = Release|Any CPU
		{27D16036-F396-4AE3-BD46-CFDD17F5EF3D}.Release|Any CPU.Build.0 = Release|Any CPU
	EndGlobalSection
	GlobalSection(SolutionProperties) = preSolution
		HideSolutionNode = FALSE
	EndGlobalSection
	GlobalSection(ExtensibilityGlobals) = postSolution
		SolutionGuid = {6E8A6707-E407-471A-8441-E3FB900B32E2}
	EndGlobalSection
EndGlobal
